// !$*UTF8*$!
{
	archiveVersion = 1;
	classes = {
	};
	objectVersion = 55;
	objects = {

/* Begin PBXBuildFile section */
		D652F9B227D5D47500CB0EC6 /* MyUINavigationViewController.swift in Sources */ = {isa = PBXBuildFile; fileRef = D652F9B127D5D47500CB0EC6 /* MyUINavigationViewController.swift */; };
		D652F9B427D5D94200CB0EC6 /* Record.swift in Sources */ = {isa = PBXBuildFile; fileRef = D652F9B327D5D94200CB0EC6 /* Record.swift */; };
		D65D59D627DE62E600B0B09D /* mizo_write.png in Resources */ = {isa = PBXBuildFile; fileRef = D65D59CF27DE62E500B0B09D /* mizo_write.png */; };
		D65D59D727DE62E600B0B09D /* mizo_home.png in Resources */ = {isa = PBXBuildFile; fileRef = D65D59D027DE62E500B0B09D /* mizo_home.png */; };
		D65D59D827DE62E600B0B09D /* mizo_iya.png in Resources */ = {isa = PBXBuildFile; fileRef = D65D59D127DE62E500B0B09D /* mizo_iya.png */; };
		D65D59D927DE62E600B0B09D /* hukidashi.png in Resources */ = {isa = PBXBuildFile; fileRef = D65D59D227DE62E500B0B09D /* hukidashi.png */; };
		D65D59DA27DE62E600B0B09D /* mizo_ure.png in Resources */ = {isa = PBXBuildFile; fileRef = D65D59D327DE62E500B0B09D /* mizo_ure.png */; };
		D65D59DB27DE62E600B0B09D /* mizo_kana.png in Resources */ = {isa = PBXBuildFile; fileRef = D65D59D427DE62E500B0B09D /* mizo_kana.png */; };
		D65D59DC27DE62E600B0B09D /* mizo_ma.png in Resources */ = {isa = PBXBuildFile; fileRef = D65D59D527DE62E500B0B09D /* mizo_ma.png */; };
		D65D59DE27DE6EE200B0B09D /* ListTableViewCell.swift in Sources */ = {isa = PBXBuildFile; fileRef = D65D59DD27DE6EE200B0B09D /* ListTableViewCell.swift */; };
		D674435927D2A85800F1DDF1 /* AppDelegate.swift in Sources */ = {isa = PBXBuildFile; fileRef = D674435827D2A85800F1DDF1 /* AppDelegate.swift */; };
		D674435B27D2A85800F1DDF1 /* SceneDelegate.swift in Sources */ = {isa = PBXBuildFile; fileRef = D674435A27D2A85800F1DDF1 /* SceneDelegate.swift */; };
		D674435D27D2A85800F1DDF1 /* ViewController.swift in Sources */ = {isa = PBXBuildFile; fileRef = D674435C27D2A85800F1DDF1 /* ViewController.swift */; };
		D674436027D2A85800F1DDF1 /* Main.storyboard in Resources */ = {isa = PBXBuildFile; fileRef = D674435E27D2A85800F1DDF1 /* Main.storyboard */; };
		D674436227D2A85D00F1DDF1 /* Assets.xcassets in Resources */ = {isa = PBXBuildFile; fileRef = D674436127D2A85D00F1DDF1 /* Assets.xcassets */; };
		D674436527D2A85D00F1DDF1 /* LaunchScreen.storyboard in Resources */ = {isa = PBXBuildFile; fileRef = D674436327D2A85D00F1DDF1 /* LaunchScreen.storyboard */; };
		D674436E27D2AED000F1DDF1 /* Realm in Frameworks */ = {isa = PBXBuildFile; productRef = D674436D27D2AED000F1DDF1 /* Realm */; };
		D674437027D2AED000F1DDF1 /* RealmSwift in Frameworks */ = {isa = PBXBuildFile; productRef = D674436F27D2AED000F1DDF1 /* RealmSwift */; };
		D674437227D3FB8E00F1DDF1 /* ListViewController.swift in Sources */ = {isa = PBXBuildFile; fileRef = D674437127D3FB8E00F1DDF1 /* ListViewController.swift */; };
		D674437427D3FBA000F1DDF1 /* DayViewController.swift in Sources */ = {isa = PBXBuildFile; fileRef = D674437327D3FBA000F1DDF1 /* DayViewController.swift */; };
		D674437627D3FBAD00F1DDF1 /* AddViewController.swift in Sources */ = {isa = PBXBuildFile; fileRef = D674437527D3FBAD00F1DDF1 /* AddViewController.swift */; };
		D674438427D407EE00F1DDF1 /* SVGKit in Frameworks */ = {isa = PBXBuildFile; productRef = D674438327D407EE00F1DDF1 /* SVGKit */; };
		D674438627D407EE00F1DDF1 /* SVGKitSwift in Frameworks */ = {isa = PBXBuildFile; productRef = D674438527D407EE00F1DDF1 /* SVGKitSwift */; };
/* End PBXBuildFile section */

/* Begin PBXFileReference section */
		D652F9B127D5D47500CB0EC6 /* MyUINavigationViewController.swift */ = {isa = PBXFileReference; lastKnownFileType = sourcecode.swift; path = MyUINavigationViewController.swift; sourceTree = "<group>"; };
		D652F9B327D5D94200CB0EC6 /* Record.swift */ = {isa = PBXFileReference; lastKnownFileType = sourcecode.swift; path = Record.swift; sourceTree = "<group>"; };
		D65D59CF27DE62E500B0B09D /* mizo_write.png */ = {isa = PBXFileReference; lastKnownFileType = image.png; path = mizo_write.png; sourceTree = "<group>"; };
		D65D59D027DE62E500B0B09D /* mizo_home.png */ = {isa = PBXFileReference; lastKnownFileType = image.png; path = mizo_home.png; sourceTree = "<group>"; };
		D65D59D127DE62E500B0B09D /* mizo_iya.png */ = {isa = PBXFileReference; lastKnownFileType = image.png; path = mizo_iya.png; sourceTree = "<group>"; };
		D65D59D227DE62E500B0B09D /* hukidashi.png */ = {isa = PBXFileReference; lastKnownFileType = image.png; path = hukidashi.png; sourceTree = "<group>"; };
		D65D59D327DE62E500B0B09D /* mizo_ure.png */ = {isa = PBXFileReference; lastKnownFileType = image.png; path = mizo_ure.png; sourceTree = "<group>"; };
		D65D59D427DE62E500B0B09D /* mizo_kana.png */ = {isa = PBXFileReference; lastKnownFileType = image.png; path = mizo_kana.png; sourceTree = "<group>"; };
		D65D59D527DE62E500B0B09D /* mizo_ma.png */ = {isa = PBXFileReference; lastKnownFileType = image.png; path = mizo_ma.png; sourceTree = "<group>"; };
		D65D59DD27DE6EE200B0B09D /* ListTableViewCell.swift */ = {isa = PBXFileReference; lastKnownFileType = sourcecode.swift; path = ListTableViewCell.swift; sourceTree = "<group>"; };
		D674435527D2A85800F1DDF1 /* Diary.app */ = {isa = PBXFileReference; explicitFileType = wrapper.application; includeInIndex = 0; path = Diary.app; sourceTree = BUILT_PRODUCTS_DIR; };
		D674435827D2A85800F1DDF1 /* AppDelegate.swift */ = {isa = PBXFileReference; lastKnownFileType = sourcecode.swift; path = AppDelegate.swift; sourceTree = "<group>"; };
		D674435A27D2A85800F1DDF1 /* SceneDelegate.swift */ = {isa = PBXFileReference; lastKnownFileType = sourcecode.swift; path = SceneDelegate.swift; sourceTree = "<group>"; };
		D674435C27D2A85800F1DDF1 /* ViewController.swift */ = {isa = PBXFileReference; lastKnownFileType = sourcecode.swift; path = ViewController.swift; sourceTree = "<group>"; };
		D674435F27D2A85800F1DDF1 /* Base */ = {isa = PBXFileReference; lastKnownFileType = file.storyboard; name = Base; path = Base.lproj/Main.storyboard; sourceTree = "<group>"; };
		D674436127D2A85D00F1DDF1 /* Assets.xcassets */ = {isa = PBXFileReference; lastKnownFileType = folder.assetcatalog; path = Assets.xcassets; sourceTree = "<group>"; };
		D674436427D2A85D00F1DDF1 /* Base */ = {isa = PBXFileReference; lastKnownFileType = file.storyboard; name = Base; path = Base.lproj/LaunchScreen.storyboard; sourceTree = "<group>"; };
		D674436627D2A85D00F1DDF1 /* Info.plist */ = {isa = PBXFileReference; lastKnownFileType = text.plist.xml; path = Info.plist; sourceTree = "<group>"; };
		D674437127D3FB8E00F1DDF1 /* ListViewController.swift */ = {isa = PBXFileReference; lastKnownFileType = sourcecode.swift; path = ListViewController.swift; sourceTree = "<group>"; };
		D674437327D3FBA000F1DDF1 /* DayViewController.swift */ = {isa = PBXFileReference; lastKnownFileType = sourcecode.swift; path = DayViewController.swift; sourceTree = "<group>"; };
		D674437527D3FBAD00F1DDF1 /* AddViewController.swift */ = {isa = PBXFileReference; lastKnownFileType = sourcecode.swift; path = AddViewController.swift; sourceTree = "<group>"; };
/* End PBXFileReference section */

/* Begin PBXFrameworksBuildPhase section */
		D674435227D2A85800F1DDF1 /* Frameworks */ = {
			isa = PBXFrameworksBuildPhase;
			buildActionMask = 2147483647;
			files = (
				D674438627D407EE00F1DDF1 /* SVGKitSwift in Frameworks */,
				D674438427D407EE00F1DDF1 /* SVGKit in Frameworks */,
				D674437027D2AED000F1DDF1 /* RealmSwift in Frameworks */,
				D674436E27D2AED000F1DDF1 /* Realm in Frameworks */,
			);
			runOnlyForDeploymentPostprocessing = 0;
		};
/* End PBXFrameworksBuildPhase section */

/* Begin PBXGroup section */
		D65D59CE27DE62E500B0B09D /* DailyMizochan_Resource */ = {
			isa = PBXGroup;
			children = (
				D65D59CF27DE62E500B0B09D /* mizo_write.png */,
				D65D59D027DE62E500B0B09D /* mizo_home.png */,
				D65D59D127DE62E500B0B09D /* mizo_iya.png */,
				D65D59D227DE62E500B0B09D /* hukidashi.png */,
				D65D59D327DE62E500B0B09D /* mizo_ure.png */,
				D65D59D427DE62E500B0B09D /* mizo_kana.png */,
				D65D59D527DE62E500B0B09D /* mizo_ma.png */,
			);
			path = DailyMizochan_Resource;
			sourceTree = "<group>";
		};
		D674434C27D2A85800F1DDF1 = {
			isa = PBXGroup;
			children = (
				D674435727D2A85800F1DDF1 /* Diary */,
				D674435627D2A85800F1DDF1 /* Products */,
			);
			sourceTree = "<group>";
		};
		D674435627D2A85800F1DDF1 /* Products */ = {
			isa = PBXGroup;
			children = (
				D674435527D2A85800F1DDF1 /* Diary.app */,
			);
			name = Products;
			sourceTree = "<group>";
		};
		D674435727D2A85800F1DDF1 /* Diary */ = {
			isa = PBXGroup;
			children = (
				D65D59CE27DE62E500B0B09D /* DailyMizochan_Resource */,
				D652F9B327D5D94200CB0EC6 /* Record.swift */,
				D674435827D2A85800F1DDF1 /* AppDelegate.swift */,
				D674435A27D2A85800F1DDF1 /* SceneDelegate.swift */,
				D674435C27D2A85800F1DDF1 /* ViewController.swift */,
				D674435E27D2A85800F1DDF1 /* Main.storyboard */,
				D674436127D2A85D00F1DDF1 /* Assets.xcassets */,
				D674436327D2A85D00F1DDF1 /* LaunchScreen.storyboard */,
				D674436627D2A85D00F1DDF1 /* Info.plist */,
				D674437127D3FB8E00F1DDF1 /* ListViewController.swift */,
				D674437327D3FBA000F1DDF1 /* DayViewController.swift */,
				D674437527D3FBAD00F1DDF1 /* AddViewController.swift */,
				D652F9B127D5D47500CB0EC6 /* MyUINavigationViewController.swift */,
				D65D59DD27DE6EE200B0B09D /* ListTableViewCell.swift */,
			);
			path = Diary;
			sourceTree = "<group>";
		};
/* End PBXGroup section */

/* Begin PBXNativeTarget section */
		D674435427D2A85800F1DDF1 /* Diary */ = {
			isa = PBXNativeTarget;
			buildConfigurationList = D674436927D2A85D00F1DDF1 /* Build configuration list for PBXNativeTarget "Diary" */;
			buildPhases = (
				D674435127D2A85800F1DDF1 /* Sources */,
				D674435227D2A85800F1DDF1 /* Frameworks */,
				D674435327D2A85800F1DDF1 /* Resources */,
			);
			buildRules = (
			);
			dependencies = (
			);
			name = Diary;
			packageProductDependencies = (
				D674436D27D2AED000F1DDF1 /* Realm */,
				D674436F27D2AED000F1DDF1 /* RealmSwift */,
				D674438327D407EE00F1DDF1 /* SVGKit */,
				D674438527D407EE00F1DDF1 /* SVGKitSwift */,
			);
			productName = Diary;
			productReference = D674435527D2A85800F1DDF1 /* Diary.app */;
			productType = "com.apple.product-type.application";
		};
/* End PBXNativeTarget section */

/* Begin PBXProject section */
		D674434D27D2A85800F1DDF1 /* Project object */ = {
			isa = PBXProject;
			attributes = {
				BuildIndependentTargetsInParallel = 1;
				LastSwiftUpdateCheck = 1320;
				LastUpgradeCheck = 1320;
				TargetAttributes = {
					D674435427D2A85800F1DDF1 = {
						CreatedOnToolsVersion = 13.2.1;
					};
				};
			};
			buildConfigurationList = D674435027D2A85800F1DDF1 /* Build configuration list for PBXProject "Diary" */;
			compatibilityVersion = "Xcode 13.0";
			developmentRegion = en;
			hasScannedForEncodings = 0;
			knownRegions = (
				en,
				Base,
			);
			mainGroup = D674434C27D2A85800F1DDF1;
			packageReferences = (
				D674436C27D2AED000F1DDF1 /* XCRemoteSwiftPackageReference "realm-cocoa" */,
				D674438227D407EE00F1DDF1 /* XCRemoteSwiftPackageReference "SVGKit" */,
			);
			productRefGroup = D674435627D2A85800F1DDF1 /* Products */;
			projectDirPath = "";
			projectRoot = "";
			targets = (
				D674435427D2A85800F1DDF1 /* Diary */,
			);
		};
/* End PBXProject section */

/* Begin PBXResourcesBuildPhase section */
		D674435327D2A85800F1DDF1 /* Resources */ = {
			isa = PBXResourcesBuildPhase;
			buildActionMask = 2147483647;
			files = (
				D65D59DC27DE62E600B0B09D /* mizo_ma.png in Resources */,
				D674436527D2A85D00F1DDF1 /* LaunchScreen.storyboard in Resources */,
				D65D59DA27DE62E600B0B09D /* mizo_ure.png in Resources */,
				D674436227D2A85D00F1DDF1 /* Assets.xcassets in Resources */,
				D65D59D927DE62E600B0B09D /* hukidashi.png in Resources */,
				D65D59D627DE62E600B0B09D /* mizo_write.png in Resources */,
				D674436027D2A85800F1DDF1 /* Main.storyboard in Resources */,
				D65D59D827DE62E600B0B09D /* mizo_iya.png in Resources */,
				D65D59D727DE62E600B0B09D /* mizo_home.png in Resources */,
				D65D59DB27DE62E600B0B09D /* mizo_kana.png in Resources */,
			);
			runOnlyForDeploymentPostprocessing = 0;
		};
/* End PBXResourcesBuildPhase section */

/* Begin PBXSourcesBuildPhase section */
		D674435127D2A85800F1DDF1 /* Sources */ = {
			isa = PBXSourcesBuildPhase;
			buildActionMask = 2147483647;
			files = (
				D652F9B227D5D47500CB0EC6 /* MyUINavigationViewController.swift in Sources */,
				D674435D27D2A85800F1DDF1 /* ViewController.swift in Sources */,
				D674437427D3FBA000F1DDF1 /* DayViewController.swift in Sources */,
				D674437627D3FBAD00F1DDF1 /* AddViewController.swift in Sources */,
				D674435927D2A85800F1DDF1 /* AppDelegate.swift in Sources */,
				D65D59DE27DE6EE200B0B09D /* ListTableViewCell.swift in Sources */,
				D674437227D3FB8E00F1DDF1 /* ListViewController.swift in Sources */,
				D652F9B427D5D94200CB0EC6 /* Record.swift in Sources */,
				D674435B27D2A85800F1DDF1 /* SceneDelegate.swift in Sources */,
			);
			runOnlyForDeploymentPostprocessing = 0;
		};
/* End PBXSourcesBuildPhase section */

/* Begin PBXVariantGroup section */
		D674435E27D2A85800F1DDF1 /* Main.storyboard */ = {
			isa = PBXVariantGroup;
			children = (
				D674435F27D2A85800F1DDF1 /* Base */,
			);
			name = Main.storyboard;
			sourceTree = "<group>";
		};
		D674436327D2A85D00F1DDF1 /* LaunchScreen.storyboard */ = {
			isa = PBXVariantGroup;
			children = (
				D674436427D2A85D00F1DDF1 /* Base */,
			);
			name = LaunchScreen.storyboard;
			sourceTree = "<group>";
		};
/* End PBXVariantGroup section */

/* Begin XCBuildConfiguration section */
		D674436727D2A85D00F1DDF1 /* Debug */ = {
			isa = XCBuildConfiguration;
			buildSettings = {
				ALWAYS_SEARCH_USER_PATHS = NO;
				CLANG_ANALYZER_NONNULL = YES;
				CLANG_ANALYZER_NUMBER_OBJECT_CONVERSION = YES_AGGRESSIVE;
				CLANG_CXX_LANGUAGE_STANDARD = "gnu++17";
				CLANG_CXX_LIBRARY = "libc++";
				CLANG_ENABLE_MODULES = YES;
				CLANG_ENABLE_OBJC_ARC = YES;
				CLANG_ENABLE_OBJC_WEAK = YES;
				CLANG_WARN_BLOCK_CAPTURE_AUTORELEASING = YES;
				CLANG_WARN_BOOL_CONVERSION = YES;
				CLANG_WARN_COMMA = YES;
				CLANG_WARN_CONSTANT_CONVERSION = YES;
				CLANG_WARN_DEPRECATED_OBJC_IMPLEMENTATIONS = YES;
				CLANG_WARN_DIRECT_OBJC_ISA_USAGE = YES_ERROR;
				CLANG_WARN_DOCUMENTATION_COMMENTS = YES;
				CLANG_WARN_EMPTY_BODY = YES;
				CLANG_WARN_ENUM_CONVERSION = YES;
				CLANG_WARN_INFINITE_RECURSION = YES;
				CLANG_WARN_INT_CONVERSION = YES;
				CLANG_WARN_NON_LITERAL_NULL_CONVERSION = YES;
				CLANG_WARN_OBJC_IMPLICIT_RETAIN_SELF = YES;
				CLANG_WARN_OBJC_LITERAL_CONVERSION = YES;
				CLANG_WARN_OBJC_ROOT_CLASS = YES_ERROR;
				CLANG_WARN_QUOTED_INCLUDE_IN_FRAMEWORK_HEADER = YES;
				CLANG_WARN_RANGE_LOOP_ANALYSIS = YES;
				CLANG_WARN_STRICT_PROTOTYPES = YES;
				CLANG_WARN_SUSPICIOUS_MOVE = YES;
				CLANG_WARN_UNGUARDED_AVAILABILITY = YES_AGGRESSIVE;
				CLANG_WARN_UNREACHABLE_CODE = YES;
				CLANG_WARN__DUPLICATE_METHOD_MATCH = YES;
				COPY_PHASE_STRIP = NO;
				DEBUG_INFORMATION_FORMAT = dwarf;
				ENABLE_STRICT_OBJC_MSGSEND = YES;
				ENABLE_TESTABILITY = YES;
				GCC_C_LANGUAGE_STANDARD = gnu11;
				GCC_DYNAMIC_NO_PIC = NO;
				GCC_NO_COMMON_BLOCKS = YES;
				GCC_OPTIMIZATION_LEVEL = 0;
				GCC_PREPROCESSOR_DEFINITIONS = (
					"DEBUG=1",
					"$(inherited)",
				);
				GCC_WARN_64_TO_32_BIT_CONVERSION = YES;
				GCC_WARN_ABOUT_RETURN_TYPE = YES_ERROR;
				GCC_WARN_UNDECLARED_SELECTOR = YES;
				GCC_WARN_UNINITIALIZED_AUTOS = YES_AGGRESSIVE;
				GCC_WARN_UNUSED_FUNCTION = YES;
				GCC_WARN_UNUSED_VARIABLE = YES;
				IPHONEOS_DEPLOYMENT_TARGET = 15.2;
				MTL_ENABLE_DEBUG_INFO = INCLUDE_SOURCE;
				MTL_FAST_MATH = YES;
				ONLY_ACTIVE_ARCH = YES;
				SDKROOT = iphoneos;
				SWIFT_ACTIVE_COMPILATION_CONDITIONS = DEBUG;
				SWIFT_OPTIMIZATION_LEVEL = "-Onone";
			};
			name = Debug;
		};
		D674436827D2A85D00F1DDF1 /* Release */ = {
			isa = XCBuildConfiguration;
			buildSettings = {
				ALWAYS_SEARCH_USER_PATHS = NO;
				CLANG_ANALYZER_NONNULL = YES;
				CLANG_ANALYZER_NUMBER_OBJECT_CONVERSION = YES_AGGRESSIVE;
				CLANG_CXX_LANGUAGE_STANDARD = "gnu++17";
				CLANG_CXX_LIBRARY = "libc++";
				CLANG_ENABLE_MODULES = YES;
				CLANG_ENABLE_OBJC_ARC = YES;
				CLANG_ENABLE_OBJC_WEAK = YES;
				CLANG_WARN_BLOCK_CAPTURE_AUTORELEASING = YES;
				CLANG_WARN_BOOL_CONVERSION = YES;
				CLANG_WARN_COMMA = YES;
				CLANG_WARN_CONSTANT_CONVERSION = YES;
				CLANG_WARN_DEPRECATED_OBJC_IMPLEMENTATIONS = YES;
				CLANG_WARN_DIRECT_OBJC_ISA_USAGE = YES_ERROR;
				CLANG_WARN_DOCUMENTATION_COMMENTS = YES;
				CLANG_WARN_EMPTY_BODY = YES;
				CLANG_WARN_ENUM_CONVERSION = YES;
				CLANG_WARN_INFINITE_RECURSION = YES;
				CLANG_WARN_INT_CONVERSION = YES;
				CLANG_WARN_NON_LITERAL_NULL_CONVERSION = YES;
				CLANG_WARN_OBJC_IMPLICIT_RETAIN_SELF = YES;
				CLANG_WARN_OBJC_LITERAL_CONVERSION = YES;
				CLANG_WARN_OBJC_ROOT_CLASS = YES_ERROR;
				CLANG_WARN_QUOTED_INCLUDE_IN_FRAMEWORK_HEADER = YES;
				CLANG_WARN_RANGE_LOOP_ANALYSIS = YES;
				CLANG_WARN_STRICT_PROTOTYPES = YES;
				CLANG_WARN_SUSPICIOUS_MOVE = YES;
				CLANG_WARN_UNGUARDED_AVAILABILITY = YES_AGGRESSIVE;
				CLANG_WARN_UNREACHABLE_CODE = YES;
				CLANG_WARN__DUPLICATE_METHOD_MATCH = YES;
				COPY_PHASE_STRIP = NO;
				DEBUG_INFORMATION_FORMAT = "dwarf-with-dsym";
				ENABLE_NS_ASSERTIONS = NO;
				ENABLE_STRICT_OBJC_MSGSEND = YES;
				GCC_C_LANGUAGE_STANDARD = gnu11;
				GCC_NO_COMMON_BLOCKS = YES;
				GCC_WARN_64_TO_32_BIT_CONVERSION = YES;
				GCC_WARN_ABOUT_RETURN_TYPE = YES_ERROR;
				GCC_WARN_UNDECLARED_SELECTOR = YES;
				GCC_WARN_UNINITIALIZED_AUTOS = YES_AGGRESSIVE;
				GCC_WARN_UNUSED_FUNCTION = YES;
				GCC_WARN_UNUSED_VARIABLE = YES;
				IPHONEOS_DEPLOYMENT_TARGET = 15.2;
				MTL_ENABLE_DEBUG_INFO = NO;
				MTL_FAST_MATH = YES;
				SDKROOT = iphoneos;
				SWIFT_COMPILATION_MODE = wholemodule;
				SWIFT_OPTIMIZATION_LEVEL = "-O";
				VALIDATE_PRODUCT = YES;
			};
			name = Release;
		};
		D674436A27D2A85D00F1DDF1 /* Debug */ = {
			isa = XCBuildConfiguration;
			buildSettings = {
				ASSETCATALOG_COMPILER_APPICON_NAME = AppIcon;
				ASSETCATALOG_COMPILER_GLOBAL_ACCENT_COLOR_NAME = AccentColor;
				CODE_SIGN_STYLE = Automatic;
				CURRENT_PROJECT_VERSION = 1;
				DEVELOPMENT_TEAM = R32M52BQ36;
				GENERATE_INFOPLIST_FILE = YES;
				INFOPLIST_FILE = Diary/Info.plist;
				INFOPLIST_KEY_UIApplicationSupportsIndirectInputEvents = YES;
				INFOPLIST_KEY_UILaunchStoryboardName = LaunchScreen;
				INFOPLIST_KEY_UIMainStoryboardFile = Main;
				INFOPLIST_KEY_UISupportedInterfaceOrientations_iPad = "UIInterfaceOrientationPortrait UIInterfaceOrientationPortraitUpsideDown UIInterfaceOrientationLandscapeLeft UIInterfaceOrientationLandscapeRight";
				INFOPLIST_KEY_UISupportedInterfaceOrientations_iPhone = "UIInterfaceOrientationPortrait UIInterfaceOrientationLandscapeLeft UIInterfaceOrientationLandscapeRight";
				LD_RUNPATH_SEARCH_PATHS = (
					"$(inherited)",
					"@executable_path/Frameworks",
				);
				MARKETING_VERSION = 1.0;
				PRODUCT_BUNDLE_IDENTIFIER = app.mizote.mizo.Diary;
				PRODUCT_NAME = "$(TARGET_NAME)";
				SWIFT_EMIT_LOC_STRINGS = YES;
				SWIFT_VERSION = 5.0;
				TARGETED_DEVICE_FAMILY = "1,2";
			};
			name = Debug;
		};
		D674436B27D2A85D00F1DDF1 /* Release */ = {
			isa = XCBuildConfiguration;
			buildSettings = {
				ASSETCATALOG_COMPILER_APPICON_NAME = AppIcon;
				ASSETCATALOG_COMPILER_GLOBAL_ACCENT_COLOR_NAME = AccentColor;
				CODE_SIGN_STYLE = Automatic;
				CURRENT_PROJECT_VERSION = 1;
				DEVELOPMENT_TEAM = R32M52BQ36;
				GENERATE_INFOPLIST_FILE = YES;
				INFOPLIST_FILE = Diary/Info.plist;
				INFOPLIST_KEY_UIApplicationSupportsIndirectInputEvents = YES;
				INFOPLIST_KEY_UILaunchStoryboardName = LaunchScreen;
				INFOPLIST_KEY_UIMainStoryboardFile = Main;
				INFOPLIST_KEY_UISupportedInterfaceOrientations_iPad = "UIInterfaceOrientationPortrait UIInterfaceOrientationPortraitUpsideDown UIInterfaceOrientationLandscapeLeft UIInterfaceOrientationLandscapeRight";
				INFOPLIST_KEY_UISupportedInterfaceOrientations_iPhone = "UIInterfaceOrientationPortrait UIInterfaceOrientationLandscapeLeft UIInterfaceOrientationLandscapeRight";
				LD_RUNPATH_SEARCH_PATHS = (
					"$(inherited)",
					"@executable_path/Frameworks",
				);
				MARKETING_VERSION = 1.0;
				PRODUCT_BUNDLE_IDENTIFIER = app.mizote.mizo.Diary;
				PRODUCT_NAME = "$(TARGET_NAME)";
				SWIFT_EMIT_LOC_STRINGS = YES;
				SWIFT_VERSION = 5.0;
				TARGETED_DEVICE_FAMILY = "1,2";
			};
			name = Release;
		};
/* End XCBuildConfiguration section */

/* Begin XCConfigurationList section */
		D674435027D2A85800F1DDF1 /* Build configuration list for PBXProject "Diary" */ = {
			isa = XCConfigurationList;
			buildConfigurations = (
				D674436727D2A85D00F1DDF1 /* Debug */,
				D674436827D2A85D00F1DDF1 /* Release */,
			);
			defaultConfigurationIsVisible = 0;
			defaultConfigurationName = Release;
		};
		D674436927D2A85D00F1DDF1 /* Build configuration list for PBXNativeTarget "Diary" */ = {
			isa = XCConfigurationList;
			buildConfigurations = (
				D674436A27D2A85D00F1DDF1 /* Debug */,
				D674436B27D2A85D00F1DDF1 /* Release */,
			);
			defaultConfigurationIsVisible = 0;
			defaultConfigurationName = Release;
		};
/* End XCConfigurationList section */

/* Begin XCRemoteSwiftPackageReference section */
		D674436C27D2AED000F1DDF1 /* XCRemoteSwiftPackageReference "realm-cocoa" */ = {
			isa = XCRemoteSwiftPackageReference;
			repositoryURL = "https://github.com/realm/realm-cocoa";
			requirement = {
				branch = master;
				kind = branch;
			};
		};
		D674438227D407EE00F1DDF1 /* XCRemoteSwiftPackageReference "SVGKit" */ = {
			isa = XCRemoteSwiftPackageReference;
			repositoryURL = "https://github.com/SVGKit/SVGKit.git";
			requirement = {
				kind = upToNextMajorVersion;
				minimumVersion = 3.0.0;
			};
		};
/* End XCRemoteSwiftPackageReference section */

/* Begin XCSwiftPackageProductDependency section */
		D674436D27D2AED000F1DDF1 /* Realm */ = {
			isa = XCSwiftPackageProductDependency;
			package = D674436C27D2AED000F1DDF1 /* XCRemoteSwiftPackageReference "realm-cocoa" */;
			productName = Realm;
		};
		D674436F27D2AED000F1DDF1 /* RealmSwift */ = {
			isa = XCSwiftPackageProductDependency;
			package = D674436C27D2AED000F1DDF1 /* XCRemoteSwiftPackageReference "realm-cocoa" */;
			productName = RealmSwift;
		};
		D674438327D407EE00F1DDF1 /* SVGKit */ = {
			isa = XCSwiftPackageProductDependency;
			package = D674438227D407EE00F1DDF1 /* XCRemoteSwiftPackageReference "SVGKit" */;
			productName = SVGKit;
		};
		D674438527D407EE00F1DDF1 /* SVGKitSwift */ = {
			isa = XCSwiftPackageProductDependency;
			package = D674438227D407EE00F1DDF1 /* XCRemoteSwiftPackageReference "SVGKit" */;
			productName = SVGKitSwift;
		};
/* End XCSwiftPackageProductDependency section */
	};
	rootObject = D674434D27D2A85800F1DDF1 /* Project object */;
}
